
Microsoft Visual Studio Solution File, Format Version 12.00
# Visual Studio 15
VisualStudioVersion = 15.0.26730.8
MinimumVisualStudioVersion = 10.0.40219.1
Project("{9A19103F-16F7-4668-BE54-9A1E7A4F7556}") = "OnlinePizzeria", "OnlinePizzeria\OnlinePizzeria.csproj", "{E2F2521F-AB6E-4AD0-8A6A-25C697FA0289}"
EndProject
Project("{FAE04EC0-301F-11D3-BF4B-00C04F79EFBC}") = "OnlinePizzeriaTest", "OnlinePizzeriaTest\OnlinePizzeriaTest.csproj", "{A74AA83E-5D3A-4A49-BE04-D887DB44671F}"
EndProject
Global
	GlobalSection(SolutionConfigurationPlatforms) = preSolution
		Debug|Any CPU = Debug|Any CPU
		IIS|Any CPU = IIS|Any CPU
		Release|Any CPU = Release|Any CPU
	EndGlobalSection
	GlobalSection(ProjectConfigurationPlatforms) = postSolution
		{E2F2521F-AB6E-4AD0-8A6A-25C697FA0289}.Debug|Any CPU.ActiveCfg = Debug|Any CPU
		{E2F2521F-AB6E-4AD0-8A6A-25C697FA0289}.Debug|Any CPU.Build.0 = Debug|Any CPU
		{E2F2521F-AB6E-4AD0-8A6A-25C697FA0289}.IIS|Any CPU.ActiveCfg = IIS|Any CPU
		{E2F2521F-AB6E-4AD0-8A6A-25C697FA0289}.IIS|Any CPU.Build.0 = IIS|Any CPU
		{E2F2521F-AB6E-4AD0-8A6A-25C697FA0289}.Release|Any CPU.ActiveCfg = Release|Any CPU
		{E2F2521F-AB6E-4AD0-8A6A-25C697FA0289}.Release|Any CPU.Build.0 = Release|Any CPU
		{A74AA83E-5D3A-4A49-BE04-D887DB44671F}.Debug|Any CPU.ActiveCfg = Debug|Any CPU
		{A74AA83E-5D3A-4A49-BE04-D887DB44671F}.Debug|Any CPU.Build.0 = Debug|Any CPU
		{A74AA83E-5D3A-4A49-BE04-D887DB44671F}.IIS|Any CPU.ActiveCfg = Debug|Any CPU
		{A74AA83E-5D3A-4A49-BE04-D887DB44671F}.IIS|Any CPU.Build.0 = Debug|Any CPU
		{A74AA83E-5D3A-4A49-BE04-D887DB44671F}.Release|Any CPU.ActiveCfg = Release|Any CPU
		{A74AA83E-5D3A-4A49-BE04-D887DB44671F}.Release|Any CPU.Build.0 = Release|Any CPU
	EndGlobalSection
	GlobalSection(SolutionProperties) = preSolution
		HideSolutionNode = FALSE
	EndGlobalSection
	GlobalSection(ExtensibilityGlobals) = postSolution
		SolutionGuid = {8C48041F-621A-485F-845F-09B416B4B440}
	EndGlobalSection
EndGlobal
